// !$*UTF8*$!
{
	archiveVersion = 1;
	classes = {
	};
	objectVersion = 55;
	objects = {

/* Begin PBXBuildFile section */
		45A2FC7728611EBF00DF372C /* MobileNetV2.mlmodel in Sources */ = {isa = PBXBuildFile; fileRef = 45BF0CD92860D481002DF936 /* MobileNetV2.mlmodel */; };
		45BF0CBE2860D270002DF936 /* ObjectDetectionApp.swift in Sources */ = {isa = PBXBuildFile; fileRef = 45BF0CBD2860D270002DF936 /* ObjectDetectionApp.swift */; };
		45BF0CC22860D271002DF936 /* Assets.xcassets in Resources */ = {isa = PBXBuildFile; fileRef = 45BF0CC12860D271002DF936 /* Assets.xcassets */; };
		45BF0CC52860D271002DF936 /* Preview Assets.xcassets in Resources */ = {isa = PBXBuildFile; fileRef = 45BF0CC42860D271002DF936 /* Preview Assets.xcassets */; };
		45BF0CCF2860D303002DF936 /* DetectionView.swift in Sources */ = {isa = PBXBuildFile; fileRef = 45BF0CCE2860D303002DF936 /* DetectionView.swift */; };
		45BF0CD12860D311002DF936 /* WikipediaView.swift in Sources */ = {isa = PBXBuildFile; fileRef = 45BF0CD02860D311002DF936 /* WikipediaView.swift */; };
		45BF0CD32860D326002DF936 /* ImagePicker.swift in Sources */ = {isa = PBXBuildFile; fileRef = 45BF0CD22860D326002DF936 /* ImagePicker.swift */; };
		45BF0CD52860D33D002DF936 /* DetectionViewModel.swift in Sources */ = {isa = PBXBuildFile; fileRef = 45BF0CD42860D33D002DF936 /* DetectionViewModel.swift */; };
		45BF0CD82860D388002DF936 /* WikipediaKit in Frameworks */ = {isa = PBXBuildFile; productRef = 45BF0CD72860D388002DF936 /* WikipediaKit */; };
		45BF0CDE2860D6AE002DF936 /* DetectionMock.swift in Sources */ = {isa = PBXBuildFile; fileRef = 45BF0CDD2860D6AE002DF936 /* DetectionMock.swift */; };
/* End PBXBuildFile section */

/* Begin PBXFileReference section */
		45BF0CBA2860D270002DF936 /* ObjectDetection.app */ = {isa = PBXFileReference; explicitFileType = wrapper.application; includeInIndex = 0; path = ObjectDetection.app; sourceTree = BUILT_PRODUCTS_DIR; };
		45BF0CBD2860D270002DF936 /* ObjectDetectionApp.swift */ = {isa = PBXFileReference; lastKnownFileType = sourcecode.swift; path = ObjectDetectionApp.swift; sourceTree = "<group>"; };
		45BF0CC12860D271002DF936 /* Assets.xcassets */ = {isa = PBXFileReference; lastKnownFileType = folder.assetcatalog; path = Assets.xcassets; sourceTree = "<group>"; };
		45BF0CC42860D271002DF936 /* Preview Assets.xcassets */ = {isa = PBXFileReference; lastKnownFileType = folder.assetcatalog; path = "Preview Assets.xcassets"; sourceTree = "<group>"; };
		45BF0CCE2860D303002DF936 /* DetectionView.swift */ = {isa = PBXFileReference; lastKnownFileType = sourcecode.swift; path = DetectionView.swift; sourceTree = "<group>"; };
		45BF0CD02860D311002DF936 /* WikipediaView.swift */ = {isa = PBXFileReference; lastKnownFileType = sourcecode.swift; path = WikipediaView.swift; sourceTree = "<group>"; };
		45BF0CD22860D326002DF936 /* ImagePicker.swift */ = {isa = PBXFileReference; lastKnownFileType = sourcecode.swift; path = ImagePicker.swift; sourceTree = "<group>"; };
		45BF0CD42860D33D002DF936 /* DetectionViewModel.swift */ = {isa = PBXFileReference; lastKnownFileType = sourcecode.swift; path = DetectionViewModel.swift; sourceTree = "<group>"; };
		45BF0CD92860D481002DF936 /* MobileNetV2.mlmodel */ = {isa = PBXFileReference; lastKnownFileType = file.mlmodel; name = MobileNetV2.mlmodel; path = ObjectDetection/MobileNetV2.mlmodel; sourceTree = "<group>"; };
		45BF0CDD2860D6AE002DF936 /* DetectionMock.swift */ = {isa = PBXFileReference; lastKnownFileType = sourcecode.swift; path = DetectionMock.swift; sourceTree = "<group>"; };
/* End PBXFileReference section */

/* Begin PBXFrameworksBuildPhase section */
		45BF0CB72860D270002DF936 /* Frameworks */ = {
			isa = PBXFrameworksBuildPhase;
			buildActionMask = 2147483647;
			files = (
				45BF0CD82860D388002DF936 /* WikipediaKit in Frameworks */,
			);
			runOnlyForDeploymentPostprocessing = 0;
		};
/* End PBXFrameworksBuildPhase section */

/* Begin PBXGroup section */
		45BF0CB12860D270002DF936 = {
			isa = PBXGroup;
			children = (
				45BF0CD92860D481002DF936 /* MobileNetV2.mlmodel */,
				45BF0CBC2860D270002DF936 /* ObjectDetection */,
				45BF0CBB2860D270002DF936 /* Products */,
			);
			sourceTree = "<group>";
		};
		45BF0CBB2860D270002DF936 /* Products */ = {
			isa = PBXGroup;
			children = (
				45BF0CBA2860D270002DF936 /* ObjectDetection.app */,
			);
			name = Products;
			sourceTree = "<group>";
		};
		45BF0CBC2860D270002DF936 /* ObjectDetection */ = {
			isa = PBXGroup;
			children = (
				45BF0CCC2860D298002DF936 /* ViewModel */,
				45BF0CCB2860D285002DF936 /* Views */,
				45BF0CBD2860D270002DF936 /* ObjectDetectionApp.swift */,
				45BF0CC12860D271002DF936 /* Assets.xcassets */,
				45BF0CC32860D271002DF936 /* Preview Content */,
			);
			path = ObjectDetection;
			sourceTree = "<group>";
		};
		45BF0CC32860D271002DF936 /* Preview Content */ = {
			isa = PBXGroup;
			children = (
				45BF0CC42860D271002DF936 /* Preview Assets.xcassets */,
			);
			path = "Preview Content";
			sourceTree = "<group>";
		};
		45BF0CCB2860D285002DF936 /* Views */ = {
			isa = PBXGroup;
			children = (
				45BF0CCE2860D303002DF936 /* DetectionView.swift */,
				45BF0CD02860D311002DF936 /* WikipediaView.swift */,
			);
			path = Views;
			sourceTree = "<group>";
		};
		45BF0CCC2860D298002DF936 /* ViewModel */ = {
			isa = PBXGroup;
			children = (
				45BF0CD22860D326002DF936 /* ImagePicker.swift */,
				45BF0CD42860D33D002DF936 /* DetectionViewModel.swift */,
				45BF0CDD2860D6AE002DF936 /* DetectionMock.swift */,
			);
			path = ViewModel;
			sourceTree = "<group>";
		};
/* End PBXGroup section */

/* Begin PBXNativeTarget section */
		45BF0CB92860D270002DF936 /* ObjectDetection */ = {
			isa = PBXNativeTarget;
			buildConfigurationList = 45BF0CC82860D271002DF936 /* Build configuration list for PBXNativeTarget "ObjectDetection" */;
			buildPhases = (
				45BF0CB62860D270002DF936 /* Sources */,
				45BF0CB72860D270002DF936 /* Frameworks */,
				45BF0CB82860D270002DF936 /* Resources */,
			);
			buildRules = (
			);
			dependencies = (
			);
			name = ObjectDetection;
			packageProductDependencies = (
				45BF0CD72860D388002DF936 /* WikipediaKit */,
			);
			productName = ObjectDetection;
			productReference = 45BF0CBA2860D270002DF936 /* ObjectDetection.app */;
			productType = "com.apple.product-type.application";
		};
/* End PBXNativeTarget section */

/* Begin PBXProject section */
		45BF0CB22860D270002DF936 /* Project object */ = {
			isa = PBXProject;
			attributes = {
				BuildIndependentTargetsInParallel = 1;
				LastSwiftUpdateCheck = 1340;
				LastUpgradeCheck = 1340;
				TargetAttributes = {
					45BF0CB92860D270002DF936 = {
						CreatedOnToolsVersion = 13.4.1;
					};
				};
			};
			buildConfigurationList = 45BF0CB52860D270002DF936 /* Build configuration list for PBXProject "ObjectDetection" */;
			compatibilityVersion = "Xcode 13.0";
			developmentRegion = en;
			hasScannedForEncodings = 0;
			knownRegions = (
				en,
				Base,
			);
			mainGroup = 45BF0CB12860D270002DF936;
			packageReferences = (
				45BF0CD62860D388002DF936 /* XCRemoteSwiftPackageReference "WikipediaKit" */,
			);
			productRefGroup = 45BF0CBB2860D270002DF936 /* Products */;
			projectDirPath = "";
			projectRoot = "";
			targets = (
				45BF0CB92860D270002DF936 /* ObjectDetection */,
			);
		};
/* End PBXProject section */

/* Begin PBXResourcesBuildPhase section */
		45BF0CB82860D270002DF936 /* Resources */ = {
			isa = PBXResourcesBuildPhase;
			buildActionMask = 2147483647;
			files = (
				45BF0CC52860D271002DF936 /* Preview Assets.xcassets in Resources */,
				45BF0CC22860D271002DF936 /* Assets.xcassets in Resources */,
			);
			runOnlyForDeploymentPostprocessing = 0;
		};
/* End PBXResourcesBuildPhase section */

/* Begin PBXSourcesBuildPhase section */
		45BF0CB62860D270002DF936 /* Sources */ = {
			isa = PBXSourcesBuildPhase;
			buildActionMask = 2147483647;
			files = (
				45A2FC7728611EBF00DF372C /* MobileNetV2.mlmodel in Sources */,
				45BF0CCF2860D303002DF936 /* DetectionView.swift in Sources */,
				45BF0CDE2860D6AE002DF936 /* DetectionMock.swift in Sources */,
				45BF0CD52860D33D002DF936 /* DetectionViewModel.swift in Sources */,
				45BF0CD32860D326002DF936 /* ImagePicker.swift in Sources */,
				45BF0CBE2860D270002DF936 /* ObjectDetectionApp.swift in Sources */,
				45BF0CD12860D311002DF936 /* WikipediaView.swift in Sources */,
			);
			runOnlyForDeploymentPostprocessing = 0;
		};
/* End PBXSourcesBuildPhase section */

/* Begin XCBuildConfiguration section */
		45BF0CC62860D271002DF936 /* Debug */ = {
			isa = XCBuildConfiguration;
			buildSettings = {
				ALWAYS_SEARCH_USER_PATHS = NO;
				CLANG_ANALYZER_NONNULL = YES;
				CLANG_ANALYZER_NUMBER_OBJECT_CONVERSION = YES_AGGRESSIVE;
				CLANG_CXX_LANGUAGE_STANDARD = "gnu++17";
				CLANG_ENABLE_MODULES = YES;
				CLANG_ENABLE_OBJC_ARC = YES;
				CLANG_ENABLE_OBJC_WEAK = YES;
				CLANG_WARN_BLOCK_CAPTURE_AUTORELEASING = YES;
				CLANG_WARN_BOOL_CONVERSION = YES;
				CLANG_WARN_COMMA = YES;
				CLANG_WARN_CONSTANT_CONVERSION = YES;
				CLANG_WARN_DEPRECATED_OBJC_IMPLEMENTATIONS = YES;
				CLANG_WARN_DIRECT_OBJC_ISA_USAGE = YES_ERROR;
				CLANG_WARN_DOCUMENTATION_COMMENTS = YES;
				CLANG_WARN_EMPTY_BODY = YES;
				CLANG_WARN_ENUM_CONVERSION = YES;
				CLANG_WARN_INFINITE_RECURSION = YES;
				CLANG_WARN_INT_CONVERSION = YES;
				CLANG_WARN_NON_LITERAL_NULL_CONVERSION = YES;
				CLANG_WARN_OBJC_IMPLICIT_RETAIN_SELF = YES;
				CLANG_WARN_OBJC_LITERAL_CONVERSION = YES;
				CLANG_WARN_OBJC_ROOT_CLASS = YES_ERROR;
				CLANG_WARN_QUOTED_INCLUDE_IN_FRAMEWORK_HEADER = YES;
				CLANG_WARN_RANGE_LOOP_ANALYSIS = YES;
				CLANG_WARN_STRICT_PROTOTYPES = YES;
				CLANG_WARN_SUSPICIOUS_MOVE = YES;
				CLANG_WARN_UNGUARDED_AVAILABILITY = YES_AGGRESSIVE;
				CLANG_WARN_UNREACHABLE_CODE = YES;
				CLANG_WARN__DUPLICATE_METHOD_MATCH = YES;
				COPY_PHASE_STRIP = NO;
				DEBUG_INFORMATION_FORMAT = dwarf;
				ENABLE_STRICT_OBJC_MSGSEND = YES;
				ENABLE_TESTABILITY = YES;
				GCC_C_LANGUAGE_STANDARD = gnu11;
				GCC_DYNAMIC_NO_PIC = NO;
				GCC_NO_COMMON_BLOCKS = YES;
				GCC_OPTIMIZATION_LEVEL = 0;
				GCC_PREPROCESSOR_DEFINITIONS = (
					"DEBUG=1",
					"$(inherited)",
				);
				GCC_WARN_64_TO_32_BIT_CONVERSION = YES;
				GCC_WARN_ABOUT_RETURN_TYPE = YES_ERROR;
				GCC_WARN_UNDECLARED_SELECTOR = YES;
				GCC_WARN_UNINITIALIZED_AUTOS = YES_AGGRESSIVE;
				GCC_WARN_UNUSED_FUNCTION = YES;
				GCC_WARN_UNUSED_VARIABLE = YES;
				IPHONEOS_DEPLOYMENT_TARGET = 15.5;
				MTL_ENABLE_DEBUG_INFO = INCLUDE_SOURCE;
				MTL_FAST_MATH = YES;
				ONLY_ACTIVE_ARCH = YES;
				SDKROOT = iphoneos;
				SWIFT_ACTIVE_COMPILATION_CONDITIONS = DEBUG;
				SWIFT_OPTIMIZATION_LEVEL = "-Onone";
			};
			name = Debug;
		};
		45BF0CC72860D271002DF936 /* Release */ = {
			isa = XCBuildConfiguration;
			buildSettings = {
				ALWAYS_SEARCH_USER_PATHS = NO;
				CLANG_ANALYZER_NONNULL = YES;
				CLANG_ANALYZER_NUMBER_OBJECT_CONVERSION = YES_AGGRESSIVE;
				CLANG_CXX_LANGUAGE_STANDARD = "gnu++17";
				CLANG_ENABLE_MODULES = YES;
				CLANG_ENABLE_OBJC_ARC = YES;
				CLANG_ENABLE_OBJC_WEAK = YES;
				CLANG_WARN_BLOCK_CAPTURE_AUTORELEASING = YES;
				CLANG_WARN_BOOL_CONVERSION = YES;
				CLANG_WARN_COMMA = YES;
				CLANG_WARN_CONSTANT_CONVERSION = YES;
				CLANG_WARN_DEPRECATED_OBJC_IMPLEMENTATIONS = YES;
				CLANG_WARN_DIRECT_OBJC_ISA_USAGE = YES_ERROR;
				CLANG_WARN_DOCUMENTATION_COMMENTS = YES;
				CLANG_WARN_EMPTY_BODY = YES;
				CLANG_WARN_ENUM_CONVERSION = YES;
				CLANG_WARN_INFINITE_RECURSION = YES;
				CLANG_WARN_INT_CONVERSION = YES;
				CLANG_WARN_NON_LITERAL_NULL_CONVERSION = YES;
				CLANG_WARN_OBJC_IMPLICIT_RETAIN_SELF = YES;
				CLANG_WARN_OBJC_LITERAL_CONVERSION = YES;
				CLANG_WARN_OBJC_ROOT_CLASS = YES_ERROR;
				CLANG_WARN_QUOTED_INCLUDE_IN_FRAMEWORK_HEADER = YES;
				CLANG_WARN_RANGE_LOOP_ANALYSIS = YES;
				CLANG_WARN_STRICT_PROTOTYPES = YES;
				CLANG_WARN_SUSPICIOUS_MOVE = YES;
				CLANG_WARN_UNGUARDED_AVAILABILITY = YES_AGGRESSIVE;
				CLANG_WARN_UNREACHABLE_CODE = YES;
				CLANG_WARN__DUPLICATE_METHOD_MATCH = YES;
				COPY_PHASE_STRIP = NO;
				DEBUG_INFORMATION_FORMAT = "dwarf-with-dsym";
				ENABLE_NS_ASSERTIONS = NO;
				ENABLE_STRICT_OBJC_MSGSEND = YES;
				GCC_C_LANGUAGE_STANDARD = gnu11;
				GCC_NO_COMMON_BLOCKS = YES;
				GCC_WARN_64_TO_32_BIT_CONVERSION = YES;
				GCC_WARN_ABOUT_RETURN_TYPE = YES_ERROR;
				GCC_WARN_UNDECLARED_SELECTOR = YES;
				GCC_WARN_UNINITIALIZED_AUTOS = YES_AGGRESSIVE;
				GCC_WARN_UNUSED_FUNCTION = YES;
				GCC_WARN_UNUSED_VARIABLE = YES;
				IPHONEOS_DEPLOYMENT_TARGET = 15.5;
				MTL_ENABLE_DEBUG_INFO = NO;
				MTL_FAST_MATH = YES;
				SDKROOT = iphoneos;
				SWIFT_COMPILATION_MODE = wholemodule;
				SWIFT_OPTIMIZATION_LEVEL = "-O";
				VALIDATE_PRODUCT = YES;
			};
			name = Release;
		};
		45BF0CC92860D271002DF936 /* Debug */ = {
			isa = XCBuildConfiguration;
			buildSettings = {
				ASSETCATALOG_COMPILER_APPICON_NAME = AppIcon;
				ASSETCATALOG_COMPILER_GLOBAL_ACCENT_COLOR_NAME = AccentColor;
				CODE_SIGN_STYLE = Automatic;
				CURRENT_PROJECT_VERSION = 1;
				DEVELOPMENT_ASSET_PATHS = "\"ObjectDetection/Preview Content\"";
				DEVELOPMENT_TEAM = 6Y6YUS97FW;
				ENABLE_PREVIEWS = YES;
				GENERATE_INFOPLIST_FILE = YES;
				INFOPLIST_KEY_UIApplicationSceneManifest_Generation = YES;
				INFOPLIST_KEY_UIApplicationSupportsIndirectInputEvents = YES;
				INFOPLIST_KEY_UILaunchScreen_Generation = YES;
				INFOPLIST_KEY_UISupportedInterfaceOrientations_iPad = "UIInterfaceOrientationPortrait UIInterfaceOrientationPortraitUpsideDown UIInterfaceOrientationLandscapeLeft UIInterfaceOrientationLandscapeRight";
				INFOPLIST_KEY_UISupportedInterfaceOrientations_iPhone = "UIInterfaceOrientationPortrait UIInterfaceOrientationLandscapeLeft UIInterfaceOrientationLandscapeRight";
				LD_RUNPATH_SEARCH_PATHS = (
					"$(inherited)",
					"@executable_path/Frameworks",
				);
				MARKETING_VERSION = 1.0;
				PRODUCT_BUNDLE_IDENTIFIER = dhbw.ObjectDetection;
				PRODUCT_NAME = "$(TARGET_NAME)";
				SWIFT_EMIT_LOC_STRINGS = YES;
				SWIFT_VERSION = 5.0;
				TARGETED_DEVICE_FAMILY = "1,2";
			};
			name = Debug;
		};
		45BF0CCA2860D271002DF936 /* Release */ = {
			isa = XCBuildConfiguration;
			buildSettings = {
				ASSETCATALOG_COMPILER_APPICON_NAME = AppIcon;
				ASSETCATALOG_COMPILER_GLOBAL_ACCENT_COLOR_NAME = AccentColor;
				CODE_SIGN_STYLE = Automatic;
				CURRENT_PROJECT_VERSION = 1;
				DEVELOPMENT_ASSET_PATHS = "\"ObjectDetection/Preview Content\"";
				DEVELOPMENT_TEAM = 6Y6YUS97FW;
				ENABLE_PREVIEWS = YES;
				GENERATE_INFOPLIST_FILE = YES;
				INFOPLIST_KEY_UIApplicationSceneManifest_Generation = YES;
				INFOPLIST_KEY_UIApplicationSupportsIndirectInputEvents = YES;
				INFOPLIST_KEY_UILaunchScreen_Generation = YES;
				INFOPLIST_KEY_UISupportedInterfaceOrientations_iPad = "UIInterfaceOrientationPortrait UIInterfaceOrientationPortraitUpsideDown UIInterfaceOrientationLandscapeLeft UIInterfaceOrientationLandscapeRight";
				INFOPLIST_KEY_UISupportedInterfaceOrientations_iPhone = "UIInterfaceOrientationPortrait UIInterfaceOrientationLandscapeLeft UIInterfaceOrientationLandscapeRight";
				LD_RUNPATH_SEARCH_PATHS = (
					"$(inherited)",
					"@executable_path/Frameworks",
				);
				MARKETING_VERSION = 1.0;
				PRODUCT_BUNDLE_IDENTIFIER = dhbw.ObjectDetection;
				PRODUCT_NAME = "$(TARGET_NAME)";
				SWIFT_EMIT_LOC_STRINGS = YES;
				SWIFT_VERSION = 5.0;
				TARGETED_DEVICE_FAMILY = "1,2";
			};
			name = Release;
		};
/* End XCBuildConfiguration section */

/* Begin XCConfigurationList section */
		45BF0CB52860D270002DF936 /* Build configuration list for PBXProject "ObjectDetection" */ = {
			isa = XCConfigurationList;
			buildConfigurations = (
				45BF0CC62860D271002DF936 /* Debug */,
				45BF0CC72860D271002DF936 /* Release */,
			);
			defaultConfigurationIsVisible = 0;
			defaultConfigurationName = Release;
		};
		45BF0CC82860D271002DF936 /* Build configuration list for PBXNativeTarget "ObjectDetection" */ = {
			isa = XCConfigurationList;
			buildConfigurations = (
				45BF0CC92860D271002DF936 /* Debug */,
				45BF0CCA2860D271002DF936 /* Release */,
			);
			defaultConfigurationIsVisible = 0;
			defaultConfigurationName = Release;
		};
/* End XCConfigurationList section */

/* Begin XCRemoteSwiftPackageReference section */
		45BF0CD62860D388002DF936 /* XCRemoteSwiftPackageReference "WikipediaKit" */ = {
			isa = XCRemoteSwiftPackageReference;
			repositoryURL = "https://github.com/Raureif/WikipediaKit.git";
			requirement = {
				branch = main;
				kind = branch;
			};
		};
/* End XCRemoteSwiftPackageReference section */

/* Begin XCSwiftPackageProductDependency section */
		45BF0CD72860D388002DF936 /* WikipediaKit */ = {
			isa = XCSwiftPackageProductDependency;
			package = 45BF0CD62860D388002DF936 /* XCRemoteSwiftPackageReference "WikipediaKit" */;
			productName = WikipediaKit;
		};
/* End XCSwiftPackageProductDependency section */
	};
	rootObject = 45BF0CB22860D270002DF936 /* Project object */;
}
